
Microsoft Visual Studio Solution File, Format Version 12.00
# Visual Studio Version 16
VisualStudioVersion = 16.0.30517.126
MinimumVisualStudioVersion = 10.0.40219.1
Project("{FAE04EC0-301F-11D3-BF4B-00C04F79EFBC}") = "B-RayRender", "B-RayRender.csproj", "{B2B2080C-7B1C-4AEF-B552-21A3DE08EA79}"
EndProject
Global
	GlobalSection(SolutionConfigurationPlatforms) = preSolution
		Debug|Any CPU = Debug|Any CPU
		Release|Any CPU = Release|Any CPU
	EndGlobalSection
	GlobalSection(ProjectConfigurationPlatforms) = postSolution
		{B2B2080C-7B1C-4AEF-B552-21A3DE08EA79}.Debug|Any CPU.ActiveCfg = Debug|Any CPU
		{B2B2080C-7B1C-4AEF-B552-21A3DE08EA79}.Debug|Any CPU.Build.0 = Debug|Any CPU
		{B2B2080C-7B1C-4AEF-B552-21A3DE08EA79}.Release|Any CPU.ActiveCfg = Release|Any CPU
		{B2B2080C-7B1C-4AEF-B552-21A3DE08EA79}.Release|Any CPU.Build.0 = Release|Any CPU
	EndGlobalSection
	GlobalSection(SolutionProperties) = preSolution
		HideSolutionNode = FALSE
	EndGlobalSection
	GlobalSection(ExtensibilityGlobals) = postSolution
		SolutionGuid = {74F28DA4-7421-45B5-BE83-10632372862E}
	EndGlobalSection
EndGlobal
